{
  "name": "client",
  "version": "1.0.0",
  "lockfileVersion": 1,
  "requires": true,
  "dependencies": {
    "lucky-canvas": {
      "version": "1.5.4",
      "resolved": "https://registry.npmjs.org/lucky-canvas/-/lucky-canvas-1.5.4.tgz",
      "integrity": "sha512-rwO2hiGfkTKvQwlYKmr/N8KVF3s78wWGvkoaopqO6Zcr2kO8JlVqGvHf995WPYCFd66Jyr58kRLsLUr9KXXvmQ=="
    },
    "mini-luck-draw": {
      "version": "1.1.1",
      "resolved": "https://registry.npmjs.org/mini-luck-draw/-/mini-luck-draw-1.1.1.tgz",
      "integrity": "sha512-CLoOiNkbSdf4tLwY6pI0F5dR17S1T5+RBpSyRqgH3DrR7S3+s9SRz4As77BlbjeJ96d7oCms8eTg2IxeZ1KUcg==",
      "requires": {
        "lucky-canvas": "^1.5.3"
      }
    }
  }
}
